
Microsoft Visual Studio Solution File, Format Version 12.00
# Visual Studio Version 17
VisualStudioVersion = 17.0.31903.59
MinimumVisualStudioVersion = 10.0.40219.1
Project("{FAE04EC0-301F-11D3-BF4B-00C04F79EFBC}") = "BTM.Products.Api", "BTM.Products.Api\BTM.Products.Api.csproj", "{83016302-5901-43C5-97DE-74C19C1150D7}"
EndProject
Project("{FAE04EC0-301F-11D3-BF4B-00C04F79EFBC}") = "BTM.Products.Application", "BTM.Products.Application\BTM.Products.Application.csproj", "{82E65970-CE6A-4691-AC12-309399BA9E30}"
EndProject
Project("{FAE04EC0-301F-11D3-BF4B-00C04F79EFBC}") = "BTM.Products.Domain", "BTM.Products.Domain\BTM.Products.Domain.csproj", "{ED10BADF-1B4E-435E-9E0E-6DBE028FF7FC}"
EndProject
Project("{FAE04EC0-301F-11D3-BF4B-00C04F79EFBC}") = "BTM.Products.Infrastructure", "BTM.Products.Infrastructure\BTM.Products.Infrastructure.csproj", "{32DCBE51-DF20-484B-A413-FC3FDFB11B90}"
EndProject
Project("{2150E333-8FDC-42A3-9474-1A3956D46DE8}") = "src", "src", "{02EA681E-C7D8-13C7-8484-4AC65E1B71E8}"
EndProject
Project("{FAE04EC0-301F-11D3-BF4B-00C04F79EFBC}") = "BTM.Products.Service.AppHost", "BTM.Products.Service.AppHost\BTM.Products.Service.AppHost.csproj", "{039B661D-0136-487D-A755-6783500765A2}"
EndProject
Project("{FAE04EC0-301F-11D3-BF4B-00C04F79EFBC}") = "BTM.Products.Service.ServiceDefaults", "BTM.Products.Service.ServiceDefaults\BTM.Products.Service.ServiceDefaults.csproj", "{A5C5DED1-CD6A-8A14-DDD7-6F53CB940D21}"
EndProject
Project("{2150E333-8FDC-42A3-9474-1A3956D46DE8}") = "Tests", "Tests", "{2A048E23-D216-492C-A6AA-AE410B095CD3}"
EndProject
Project("{FAE04EC0-301F-11D3-BF4B-00C04F79EFBC}") = "BTM.Endpoints.Tests", "BTM.Endpoints.Tests\BTM.Endpoints.Tests.csproj", "{DBEED3ED-B7DB-4DF9-B1B9-2ACB451BF043}"
EndProject
Project("{FAE04EC0-301F-11D3-BF4B-00C04F79EFBC}") = "BTM.Products.ApiClient", "BTM.Products.ApiClient\BTM.Products.ApiClient.csproj", "{D1BEC9BB-6F94-1805-E03D-D8BA1D046D4E}"
EndProject
Project("{FAE04EC0-301F-11D3-BF4B-00C04F79EFBC}") = "BTM.Products.Contracts", "BTM.Products.Contracts\BTM.Products.Contracts.csproj", "{2F6854BC-D3C8-30EE-52A5-152AB9EE6E99}"
EndProject
Project("{E53339B2-1760-4266-BCC7-CA923CBCF16C}") = "docker-compose", "docker-compose.dcproj", "{81DDED9D-158B-E303-5F62-77A2896D2A5A}"
EndProject
Global
	GlobalSection(SolutionConfigurationPlatforms) = preSolution
		Debug|Any CPU = Debug|Any CPU
		Debug|x64 = Debug|x64
		Debug|x86 = Debug|x86
		Release|Any CPU = Release|Any CPU
		Release|x64 = Release|x64
		Release|x86 = Release|x86
	EndGlobalSection
	GlobalSection(ProjectConfigurationPlatforms) = postSolution
		{83016302-5901-43C5-97DE-74C19C1150D7}.Debug|Any CPU.ActiveCfg = Debug|Any CPU
		{83016302-5901-43C5-97DE-74C19C1150D7}.Debug|Any CPU.Build.0 = Debug|Any CPU
		{83016302-5901-43C5-97DE-74C19C1150D7}.Debug|x64.ActiveCfg = Debug|Any CPU
		{83016302-5901-43C5-97DE-74C19C1150D7}.Debug|x64.Build.0 = Debug|Any CPU
		{83016302-5901-43C5-97DE-74C19C1150D7}.Debug|x86.ActiveCfg = Debug|Any CPU
		{83016302-5901-43C5-97DE-74C19C1150D7}.Debug|x86.Build.0 = Debug|Any CPU
		{83016302-5901-43C5-97DE-74C19C1150D7}.Release|Any CPU.ActiveCfg = Release|Any CPU
		{83016302-5901-43C5-97DE-74C19C1150D7}.Release|Any CPU.Build.0 = Release|Any CPU
		{83016302-5901-43C5-97DE-74C19C1150D7}.Release|x64.ActiveCfg = Release|Any CPU
		{83016302-5901-43C5-97DE-74C19C1150D7}.Release|x64.Build.0 = Release|Any CPU
		{83016302-5901-43C5-97DE-74C19C1150D7}.Release|x86.ActiveCfg = Release|Any CPU
		{83016302-5901-43C5-97DE-74C19C1150D7}.Release|x86.Build.0 = Release|Any CPU
		{82E65970-CE6A-4691-AC12-309399BA9E30}.Debug|Any CPU.ActiveCfg = Debug|Any CPU
		{82E65970-CE6A-4691-AC12-309399BA9E30}.Debug|Any CPU.Build.0 = Debug|Any CPU
		{82E65970-CE6A-4691-AC12-309399BA9E30}.Debug|x64.ActiveCfg = Debug|Any CPU
		{82E65970-CE6A-4691-AC12-309399BA9E30}.Debug|x64.Build.0 = Debug|Any CPU
		{82E65970-CE6A-4691-AC12-309399BA9E30}.Debug|x86.ActiveCfg = Debug|Any CPU
		{82E65970-CE6A-4691-AC12-309399BA9E30}.Debug|x86.Build.0 = Debug|Any CPU
		{82E65970-CE6A-4691-AC12-309399BA9E30}.Release|Any CPU.ActiveCfg = Release|Any CPU
		{82E65970-CE6A-4691-AC12-309399BA9E30}.Release|Any CPU.Build.0 = Release|Any CPU
		{82E65970-CE6A-4691-AC12-309399BA9E30}.Release|x64.ActiveCfg = Release|Any CPU
		{82E65970-CE6A-4691-AC12-309399BA9E30}.Release|x64.Build.0 = Release|Any CPU
		{82E65970-CE6A-4691-AC12-309399BA9E30}.Release|x86.ActiveCfg = Release|Any CPU
		{82E65970-CE6A-4691-AC12-309399BA9E30}.Release|x86.Build.0 = Release|Any CPU
		{ED10BADF-1B4E-435E-9E0E-6DBE028FF7FC}.Debug|Any CPU.ActiveCfg = Debug|Any CPU
		{ED10BADF-1B4E-435E-9E0E-6DBE028FF7FC}.Debug|Any CPU.Build.0 = Debug|Any CPU
		{ED10BADF-1B4E-435E-9E0E-6DBE028FF7FC}.Debug|x64.ActiveCfg = Debug|Any CPU
		{ED10BADF-1B4E-435E-9E0E-6DBE028FF7FC}.Debug|x64.Build.0 = Debug|Any CPU
		{ED10BADF-1B4E-435E-9E0E-6DBE028FF7FC}.Debug|x86.ActiveCfg = Debug|Any CPU
		{ED10BADF-1B4E-435E-9E0E-6DBE028FF7FC}.Debug|x86.Build.0 = Debug|Any CPU
		{ED10BADF-1B4E-435E-9E0E-6DBE028FF7FC}.Release|Any CPU.ActiveCfg = Release|Any CPU
		{ED10BADF-1B4E-435E-9E0E-6DBE028FF7FC}.Release|Any CPU.Build.0 = Release|Any CPU
		{ED10BADF-1B4E-435E-9E0E-6DBE028FF7FC}.Release|x64.ActiveCfg = Release|Any CPU
		{ED10BADF-1B4E-435E-9E0E-6DBE028FF7FC}.Release|x64.Build.0 = Release|Any CPU
		{ED10BADF-1B4E-435E-9E0E-6DBE028FF7FC}.Release|x86.ActiveCfg = Release|Any CPU
		{ED10BADF-1B4E-435E-9E0E-6DBE028FF7FC}.Release|x86.Build.0 = Release|Any CPU
		{32DCBE51-DF20-484B-A413-FC3FDFB11B90}.Debug|Any CPU.ActiveCfg = Debug|Any CPU
		{32DCBE51-DF20-484B-A413-FC3FDFB11B90}.Debug|Any CPU.Build.0 = Debug|Any CPU
		{32DCBE51-DF20-484B-A413-FC3FDFB11B90}.Debug|x64.ActiveCfg = Debug|Any CPU
		{32DCBE51-DF20-484B-A413-FC3FDFB11B90}.Debug|x64.Build.0 = Debug|Any CPU
		{32DCBE51-DF20-484B-A413-FC3FDFB11B90}.Debug|x86.ActiveCfg = Debug|Any CPU
		{32DCBE51-DF20-484B-A413-FC3FDFB11B90}.Debug|x86.Build.0 = Debug|Any CPU
		{32DCBE51-DF20-484B-A413-FC3FDFB11B90}.Release|Any CPU.ActiveCfg = Release|Any CPU
		{32DCBE51-DF20-484B-A413-FC3FDFB11B90}.Release|Any CPU.Build.0 = Release|Any CPU
		{32DCBE51-DF20-484B-A413-FC3FDFB11B90}.Release|x64.ActiveCfg = Release|Any CPU
		{32DCBE51-DF20-484B-A413-FC3FDFB11B90}.Release|x64.Build.0 = Release|Any CPU
		{32DCBE51-DF20-484B-A413-FC3FDFB11B90}.Release|x86.ActiveCfg = Release|Any CPU
		{32DCBE51-DF20-484B-A413-FC3FDFB11B90}.Release|x86.Build.0 = Release|Any CPU
		{039B661D-0136-487D-A755-6783500765A2}.Debug|Any CPU.ActiveCfg = Debug|Any CPU
		{039B661D-0136-487D-A755-6783500765A2}.Debug|Any CPU.Build.0 = Debug|Any CPU
		{039B661D-0136-487D-A755-6783500765A2}.Debug|x64.ActiveCfg = Debug|Any CPU
		{039B661D-0136-487D-A755-6783500765A2}.Debug|x64.Build.0 = Debug|Any CPU
		{039B661D-0136-487D-A755-6783500765A2}.Debug|x86.ActiveCfg = Debug|Any CPU
		{039B661D-0136-487D-A755-6783500765A2}.Debug|x86.Build.0 = Debug|Any CPU
		{039B661D-0136-487D-A755-6783500765A2}.Release|Any CPU.ActiveCfg = Release|Any CPU
		{039B661D-0136-487D-A755-6783500765A2}.Release|Any CPU.Build.0 = Release|Any CPU
		{039B661D-0136-487D-A755-6783500765A2}.Release|x64.ActiveCfg = Release|Any CPU
		{039B661D-0136-487D-A755-6783500765A2}.Release|x64.Build.0 = Release|Any CPU
		{039B661D-0136-487D-A755-6783500765A2}.Release|x86.ActiveCfg = Release|Any CPU
		{039B661D-0136-487D-A755-6783500765A2}.Release|x86.Build.0 = Release|Any CPU
		{A5C5DED1-CD6A-8A14-DDD7-6F53CB940D21}.Debug|Any CPU.ActiveCfg = Debug|Any CPU
		{A5C5DED1-CD6A-8A14-DDD7-6F53CB940D21}.Debug|Any CPU.Build.0 = Debug|Any CPU
		{A5C5DED1-CD6A-8A14-DDD7-6F53CB940D21}.Debug|x64.ActiveCfg = Debug|Any CPU
		{A5C5DED1-CD6A-8A14-DDD7-6F53CB940D21}.Debug|x64.Build.0 = Debug|Any CPU
		{A5C5DED1-CD6A-8A14-DDD7-6F53CB940D21}.Debug|x86.ActiveCfg = Debug|Any CPU
		{A5C5DED1-CD6A-8A14-DDD7-6F53CB940D21}.Debug|x86.Build.0 = Debug|Any CPU
		{A5C5DED1-CD6A-8A14-DDD7-6F53CB940D21}.Release|Any CPU.ActiveCfg = Release|Any CPU
		{A5C5DED1-CD6A-8A14-DDD7-6F53CB940D21}.Release|Any CPU.Build.0 = Release|Any CPU
		{A5C5DED1-CD6A-8A14-DDD7-6F53CB940D21}.Release|x64.ActiveCfg = Release|Any CPU
		{A5C5DED1-CD6A-8A14-DDD7-6F53CB940D21}.Release|x64.Build.0 = Release|Any CPU
		{A5C5DED1-CD6A-8A14-DDD7-6F53CB940D21}.Release|x86.ActiveCfg = Release|Any CPU
		{A5C5DED1-CD6A-8A14-DDD7-6F53CB940D21}.Release|x86.Build.0 = Release|Any CPU
		{DBEED3ED-B7DB-4DF9-B1B9-2ACB451BF043}.Debug|Any CPU.ActiveCfg = Debug|Any CPU
		{DBEED3ED-B7DB-4DF9-B1B9-2ACB451BF043}.Debug|Any CPU.Build.0 = Debug|Any CPU
		{DBEED3ED-B7DB-4DF9-B1B9-2ACB451BF043}.Debug|x64.ActiveCfg = Debug|Any CPU
		{DBEED3ED-B7DB-4DF9-B1B9-2ACB451BF043}.Debug|x64.Build.0 = Debug|Any CPU
		{DBEED3ED-B7DB-4DF9-B1B9-2ACB451BF043}.Debug|x86.ActiveCfg = Debug|Any CPU
		{DBEED3ED-B7DB-4DF9-B1B9-2ACB451BF043}.Debug|x86.Build.0 = Debug|Any CPU
		{DBEED3ED-B7DB-4DF9-B1B9-2ACB451BF043}.Release|Any CPU.ActiveCfg = Release|Any CPU
		{DBEED3ED-B7DB-4DF9-B1B9-2ACB451BF043}.Release|Any CPU.Build.0 = Release|Any CPU
		{DBEED3ED-B7DB-4DF9-B1B9-2ACB451BF043}.Release|x64.ActiveCfg = Release|Any CPU
		{DBEED3ED-B7DB-4DF9-B1B9-2ACB451BF043}.Release|x64.Build.0 = Release|Any CPU
		{DBEED3ED-B7DB-4DF9-B1B9-2ACB451BF043}.Release|x86.ActiveCfg = Release|Any CPU
		{DBEED3ED-B7DB-4DF9-B1B9-2ACB451BF043}.Release|x86.Build.0 = Release|Any CPU
		{D1BEC9BB-6F94-1805-E03D-D8BA1D046D4E}.Debug|Any CPU.ActiveCfg = Debug|Any CPU
		{D1BEC9BB-6F94-1805-E03D-D8BA1D046D4E}.Debug|Any CPU.Build.0 = Debug|Any CPU
		{D1BEC9BB-6F94-1805-E03D-D8BA1D046D4E}.Debug|x64.ActiveCfg = Debug|Any CPU
		{D1BEC9BB-6F94-1805-E03D-D8BA1D046D4E}.Debug|x64.Build.0 = Debug|Any CPU
		{D1BEC9BB-6F94-1805-E03D-D8BA1D046D4E}.Debug|x86.ActiveCfg = Debug|Any CPU
		{D1BEC9BB-6F94-1805-E03D-D8BA1D046D4E}.Debug|x86.Build.0 = Debug|Any CPU
		{D1BEC9BB-6F94-1805-E03D-D8BA1D046D4E}.Release|Any CPU.ActiveCfg = Release|Any CPU
		{D1BEC9BB-6F94-1805-E03D-D8BA1D046D4E}.Release|Any CPU.Build.0 = Release|Any CPU
		{D1BEC9BB-6F94-1805-E03D-D8BA1D046D4E}.Release|x64.ActiveCfg = Release|Any CPU
		{D1BEC9BB-6F94-1805-E03D-D8BA1D046D4E}.Release|x64.Build.0 = Release|Any CPU
		{D1BEC9BB-6F94-1805-E03D-D8BA1D046D4E}.Release|x86.ActiveCfg = Release|Any CPU
		{D1BEC9BB-6F94-1805-E03D-D8BA1D046D4E}.Release|x86.Build.0 = Release|Any CPU
		{2F6854BC-D3C8-30EE-52A5-152AB9EE6E99}.Debug|Any CPU.ActiveCfg = Debug|Any CPU
		{2F6854BC-D3C8-30EE-52A5-152AB9EE6E99}.Debug|Any CPU.Build.0 = Debug|Any CPU
		{2F6854BC-D3C8-30EE-52A5-152AB9EE6E99}.Debug|x64.ActiveCfg = Debug|Any CPU
		{2F6854BC-D3C8-30EE-52A5-152AB9EE6E99}.Debug|x64.Build.0 = Debug|Any CPU
		{2F6854BC-D3C8-30EE-52A5-152AB9EE6E99}.Debug|x86.ActiveCfg = Debug|Any CPU
		{2F6854BC-D3C8-30EE-52A5-152AB9EE6E99}.Debug|x86.Build.0 = Debug|Any CPU
		{2F6854BC-D3C8-30EE-52A5-152AB9EE6E99}.Release|Any CPU.ActiveCfg = Release|Any CPU
		{2F6854BC-D3C8-30EE-52A5-152AB9EE6E99}.Release|Any CPU.Build.0 = Release|Any CPU
		{2F6854BC-D3C8-30EE-52A5-152AB9EE6E99}.Release|x64.ActiveCfg = Release|Any CPU
		{2F6854BC-D3C8-30EE-52A5-152AB9EE6E99}.Release|x64.Build.0 = Release|Any CPU
		{2F6854BC-D3C8-30EE-52A5-152AB9EE6E99}.Release|x86.ActiveCfg = Release|Any CPU
		{2F6854BC-D3C8-30EE-52A5-152AB9EE6E99}.Release|x86.Build.0 = Release|Any CPU
		{81DDED9D-158B-E303-5F62-77A2896D2A5A}.Debug|Any CPU.ActiveCfg = Debug|Any CPU
		{81DDED9D-158B-E303-5F62-77A2896D2A5A}.Debug|Any CPU.Build.0 = Debug|Any CPU
		{81DDED9D-158B-E303-5F62-77A2896D2A5A}.Debug|x64.ActiveCfg = Debug|Any CPU
		{81DDED9D-158B-E303-5F62-77A2896D2A5A}.Debug|x64.Build.0 = Debug|Any CPU
		{81DDED9D-158B-E303-5F62-77A2896D2A5A}.Debug|x86.ActiveCfg = Debug|Any CPU
		{81DDED9D-158B-E303-5F62-77A2896D2A5A}.Debug|x86.Build.0 = Debug|Any CPU
		{81DDED9D-158B-E303-5F62-77A2896D2A5A}.Release|Any CPU.ActiveCfg = Release|Any CPU
		{81DDED9D-158B-E303-5F62-77A2896D2A5A}.Release|Any CPU.Build.0 = Release|Any CPU
		{81DDED9D-158B-E303-5F62-77A2896D2A5A}.Release|x64.ActiveCfg = Release|Any CPU
		{81DDED9D-158B-E303-5F62-77A2896D2A5A}.Release|x64.Build.0 = Release|Any CPU
		{81DDED9D-158B-E303-5F62-77A2896D2A5A}.Release|x86.ActiveCfg = Release|Any CPU
		{81DDED9D-158B-E303-5F62-77A2896D2A5A}.Release|x86.Build.0 = Release|Any CPU
	EndGlobalSection
	GlobalSection(SolutionProperties) = preSolution
		HideSolutionNode = FALSE
	EndGlobalSection
	GlobalSection(NestedProjects) = preSolution
		{83016302-5901-43C5-97DE-74C19C1150D7} = {02EA681E-C7D8-13C7-8484-4AC65E1B71E8}
		{82E65970-CE6A-4691-AC12-309399BA9E30} = {02EA681E-C7D8-13C7-8484-4AC65E1B71E8}
		{ED10BADF-1B4E-435E-9E0E-6DBE028FF7FC} = {02EA681E-C7D8-13C7-8484-4AC65E1B71E8}
		{32DCBE51-DF20-484B-A413-FC3FDFB11B90} = {02EA681E-C7D8-13C7-8484-4AC65E1B71E8}
		{039B661D-0136-487D-A755-6783500765A2} = {02EA681E-C7D8-13C7-8484-4AC65E1B71E8}
		{A5C5DED1-CD6A-8A14-DDD7-6F53CB940D21} = {02EA681E-C7D8-13C7-8484-4AC65E1B71E8}
		{2A048E23-D216-492C-A6AA-AE410B095CD3} = {02EA681E-C7D8-13C7-8484-4AC65E1B71E8}
		{DBEED3ED-B7DB-4DF9-B1B9-2ACB451BF043} = {2A048E23-D216-492C-A6AA-AE410B095CD3}
		{D1BEC9BB-6F94-1805-E03D-D8BA1D046D4E} = {02EA681E-C7D8-13C7-8484-4AC65E1B71E8}
		{2F6854BC-D3C8-30EE-52A5-152AB9EE6E99} = {02EA681E-C7D8-13C7-8484-4AC65E1B71E8}
	EndGlobalSection
	GlobalSection(ExtensibilityGlobals) = postSolution
		SolutionGuid = {44C9AC53-EF54-4B7D-9D45-3858E916695E}
	EndGlobalSection
EndGlobal
